// !$*UTF8*$!
{
	archiveVersion = 1;
	classes = {
	};
	objectVersion = 46;
	objects = {

/* Begin PBXBuildFile section */
		561073521A8BF3C700DB8D6D /* main.m in Sources */ = {isa = PBXBuildFile; fileRef = 561073511A8BF3C700DB8D6D /* main.m */; };
		561073551A8BF3C700DB8D6D /* AppDelegate.m in Sources */ = {isa = PBXBuildFile; fileRef = 561073541A8BF3C700DB8D6D /* AppDelegate.m */; };
		561073581A8BF3C700DB8D6D /* ViewController.m in Sources */ = {isa = PBXBuildFile; fileRef = 561073571A8BF3C700DB8D6D /* ViewController.m */; };
		5610735B1A8BF3C700DB8D6D /* Main.storyboard in Resources */ = {isa = PBXBuildFile; fileRef = 561073591A8BF3C700DB8D6D /* Main.storyboard */; };
		5610735D1A8BF3C700DB8D6D /* Images.xcassets in Resources */ = {isa = PBXBuildFile; fileRef = 5610735C1A8BF3C700DB8D6D /* Images.xcassets */; };
		561073601A8BF3C700DB8D6D /* LaunchScreen.xib in Resources */ = {isa = PBXBuildFile; fileRef = 5610735E1A8BF3C700DB8D6D /* LaunchScreen.xib */; };
		5610736C1A8BF3C700DB8D6D /* Lab2_IpadTests.m in Sources */ = {isa = PBXBuildFile; fileRef = 5610736B1A8BF3C700DB8D6D /* Lab2_IpadTests.m */; };
/* End PBXBuildFile section */

/* Begin PBXContainerItemProxy section */
		561073661A8BF3C700DB8D6D /* PBXContainerItemProxy */ = {
			isa = PBXContainerItemProxy;
			containerPortal = 561073441A8BF3C700DB8D6D /* Project object */;
			proxyType = 1;
			remoteGlobalIDString = 5610734B1A8BF3C700DB8D6D;
			remoteInfo = Lab2_Ipad;
		};
/* End PBXContainerItemProxy section */

/* Begin PBXFileReference section */
		5610734C1A8BF3C700DB8D6D /* Lab2_Ipad.app */ = {isa = PBXFileReference; explicitFileType = wrapper.application; includeInIndex = 0; path = Lab2_Ipad.app; sourceTree = BUILT_PRODUCTS_DIR; };
		561073501A8BF3C700DB8D6D /* Info.plist */ = {isa = PBXFileReference; lastKnownFileType = text.plist.xml; path = Info.plist; sourceTree = "<group>"; };
		561073511A8BF3C700DB8D6D /* main.m */ = {isa = PBXFileReference; lastKnownFileType = sourcecode.c.objc; path = main.m; sourceTree = "<group>"; };
		561073531A8BF3C700DB8D6D /* AppDelegate.h */ = {isa = PBXFileReference; lastKnownFileType = sourcecode.c.h; path = AppDelegate.h; sourceTree = "<group>"; };
		561073541A8BF3C700DB8D6D /* AppDelegate.m */ = {isa = PBXFileReference; lastKnownFileType = sourcecode.c.objc; path = AppDelegate.m; sourceTree = "<group>"; };
		561073561A8BF3C700DB8D6D /* ViewController.h */ = {isa = PBXFileReference; lastKnownFileType = sourcecode.c.h; path = ViewController.h; sourceTree = "<group>"; };
		561073571A8BF3C700DB8D6D /* ViewController.m */ = {isa = PBXFileReference; lastKnownFileType = sourcecode.c.objc; path = ViewController.m; sourceTree = "<group>"; };
		5610735A1A8BF3C700DB8D6D /* Base */ = {isa = PBXFileReference; lastKnownFileType = file.storyboard; name = Base; path = Base.lproj/Main.storyboard; sourceTree = "<group>"; };
		5610735C1A8BF3C700DB8D6D /* Images.xcassets */ = {isa = PBXFileReference; lastKnownFileType = folder.assetcatalog; path = Images.xcassets; sourceTree = "<group>"; };
		5610735F1A8BF3C700DB8D6D /* Base */ = {isa = PBXFileReference; lastKnownFileType = file.xib; name = Base; path = Base.lproj/LaunchScreen.xib; sourceTree = "<group>"; };
		561073651A8BF3C700DB8D6D /* Lab2_IpadTests.xctest */ = {isa = PBXFileReference; explicitFileType = wrapper.cfbundle; includeInIndex = 0; path = Lab2_IpadTests.xctest; sourceTree = BUILT_PRODUCTS_DIR; };
		5610736A1A8BF3C700DB8D6D /* Info.plist */ = {isa = PBXFileReference; lastKnownFileType = text.plist.xml; path = Info.plist; sourceTree = "<group>"; };
		5610736B1A8BF3C700DB8D6D /* Lab2_IpadTests.m */ = {isa = PBXFileReference; lastKnownFileType = sourcecode.c.objc; path = Lab2_IpadTests.m; sourceTree = "<group>"; };
/* End PBXFileReference section */

/* Begin PBXFrameworksBuildPhase section */
		561073491A8BF3C700DB8D6D /* Frameworks */ = {
			isa = PBXFrameworksBuildPhase;
			buildActionMask = 2147483647;
			files = (
			);
			runOnlyForDeploymentPostprocessing = 0;
		};
		561073621A8BF3C700DB8D6D /* Frameworks */ = {
			isa = PBXFrameworksBuildPhase;
			buildActionMask = 2147483647;
			files = (
			);
			runOnlyForDeploymentPostprocessing = 0;
		};
/* End PBXFrameworksBuildPhase section */

/* Begin PBXGroup section */
		561073431A8BF3C700DB8D6D = {
			isa = PBXGroup;
			children = (
				5610734E1A8BF3C700DB8D6D /* Lab2_Ipad */,
				561073681A8BF3C700DB8D6D /* Lab2_IpadTests */,
				5610734D1A8BF3C700DB8D6D /* Products */,
			);
			sourceTree = "<group>";
		};
		5610734D1A8BF3C700DB8D6D /* Products */ = {
			isa = PBXGroup;
			children = (
				5610734C1A8BF3C700DB8D6D /* Lab2_Ipad.app */,
				561073651A8BF3C700DB8D6D /* Lab2_IpadTests.xctest */,
			);
			name = Products;
			sourceTree = "<group>";
		};
		5610734E1A8BF3C700DB8D6D /* Lab2_Ipad */ = {
			isa = PBXGroup;
			children = (
				561073531A8BF3C700DB8D6D /* AppDelegate.h */,
				561073541A8BF3C700DB8D6D /* AppDelegate.m */,
				561073561A8BF3C700DB8D6D /* ViewController.h */,
				561073571A8BF3C700DB8D6D /* ViewController.m */,
				561073591A8BF3C700DB8D6D /* Main.storyboard */,
				5610735C1A8BF3C700DB8D6D /* Images.xcassets */,
				5610735E1A8BF3C700DB8D6D /* LaunchScreen.xib */,
				5610734F1A8BF3C700DB8D6D /* Supporting Files */,
			);
			path = Lab2_Ipad;
			sourceTree = "<group>";
		};
		5610734F1A8BF3C700DB8D6D /* Supporting Files */ = {
			isa = PBXGroup;
			children = (
				561073501A8BF3C700DB8D6D /* Info.plist */,
				561073511A8BF3C700DB8D6D /* main.m */,
			);
			name = "Supporting Files";
			sourceTree = "<group>";
		};
		561073681A8BF3C700DB8D6D /* Lab2_IpadTests */ = {
			isa = PBXGroup;
			children = (
				5610736B1A8BF3C700DB8D6D /* Lab2_IpadTests.m */,
				561073691A8BF3C700DB8D6D /* Supporting Files */,
			);
			path = Lab2_IpadTests;
			sourceTree = "<group>";
		};
		561073691A8BF3C700DB8D6D /* Supporting Files */ = {
			isa = PBXGroup;
			children = (
				5610736A1A8BF3C700DB8D6D /* Info.plist */,
			);
			name = "Supporting Files";
			sourceTree = "<group>";
		};
/* End PBXGroup section */

/* Begin PBXNativeTarget section */
		5610734B1A8BF3C700DB8D6D /* Lab2_Ipad */ = {
			isa = PBXNativeTarget;
			buildConfigurationList = 5610736F1A8BF3C700DB8D6D /* Build configuration list for PBXNativeTarget "Lab2_Ipad" */;
			buildPhases = (
				561073481A8BF3C700DB8D6D /* Sources */,
				561073491A8BF3C700DB8D6D /* Frameworks */,
				5610734A1A8BF3C700DB8D6D /* Resources */,
			);
			buildRules = (
			);
			dependencies = (
			);
			name = Lab2_Ipad;
			productName = Lab2_Ipad;
			productReference = 5610734C1A8BF3C700DB8D6D /* Lab2_Ipad.app */;
			productType = "com.apple.product-type.application";
		};
		561073641A8BF3C700DB8D6D /* Lab2_IpadTests */ = {
			isa = PBXNativeTarget;
			buildConfigurationList = 561073721A8BF3C700DB8D6D /* Build configuration list for PBXNativeTarget "Lab2_IpadTests" */;
			buildPhases = (
				561073611A8BF3C700DB8D6D /* Sources */,
				561073621A8BF3C700DB8D6D /* Frameworks */,
				561073631A8BF3C700DB8D6D /* Resources */,
			);
			buildRules = (
			);
			dependencies = (
				561073671A8BF3C700DB8D6D /* PBXTargetDependency */,
			);
			name = Lab2_IpadTests;
			productName = Lab2_IpadTests;
			productReference = 561073651A8BF3C700DB8D6D /* Lab2_IpadTests.xctest */;
			productType = "com.apple.product-type.bundle.unit-test";
		};
/* End PBXNativeTarget section */

/* Begin PBXProject section */
		561073441A8BF3C700DB8D6D /* Project object */ = {
			isa = PBXProject;
			attributes = {
				LastUpgradeCheck = 0610;
				ORGANIZATIONNAME = Adrian;
				TargetAttributes = {
					5610734B1A8BF3C700DB8D6D = {
						CreatedOnToolsVersion = 6.1.1;
					};
					561073641A8BF3C700DB8D6D = {
						CreatedOnToolsVersion = 6.1.1;
						TestTargetID = 5610734B1A8BF3C700DB8D6D;
					};
				};
			};
			buildConfigurationList = 561073471A8BF3C700DB8D6D /* Build configuration list for PBXProject "Lab2_Ipad" */;
			compatibilityVersion = "Xcode 3.2";
			developmentRegion = English;
			hasScannedForEncodings = 0;
			knownRegions = (
				en,
				Base,
			);
			mainGroup = 561073431A8BF3C700DB8D6D;
			productRefGroup = 5610734D1A8BF3C700DB8D6D /* Products */;
			projectDirPath = "";
			projectRoot = "";
			targets = (
				5610734B1A8BF3C700DB8D6D /* Lab2_Ipad */,
				561073641A8BF3C700DB8D6D /* Lab2_IpadTests */,
			);
		};
/* End PBXProject section */

/* Begin PBXResourcesBuildPhase section */
		5610734A1A8BF3C700DB8D6D /* Resources */ = {
			isa = PBXResourcesBuildPhase;
			buildActionMask = 2147483647;
			files = (
				5610735B1A8BF3C700DB8D6D /* Main.storyboard in Resources */,
				561073601A8BF3C700DB8D6D /* LaunchScreen.xib in Resources */,
				5610735D1A8BF3C700DB8D6D /* Images.xcassets in Resources */,
			);
			runOnlyForDeploymentPostprocessing = 0;
		};
		561073631A8BF3C700DB8D6D /* Resources */ = {
			isa = PBXResourcesBuildPhase;
			buildActionMask = 2147483647;
			files = (
			);
			runOnlyForDeploymentPostprocessing = 0;
		};
/* End PBXResourcesBuildPhase section */

/* Begin PBXSourcesBuildPhase section */
		561073481A8BF3C700DB8D6D /* Sources */ = {
			isa = PBXSourcesBuildPhase;
			buildActionMask = 2147483647;
			files = (
				561073581A8BF3C700DB8D6D /* ViewController.m in Sources */,
				561073551A8BF3C700DB8D6D /* AppDelegate.m in Sources */,
				561073521A8BF3C700DB8D6D /* main.m in Sources */,
			);
			runOnlyForDeploymentPostprocessing = 0;
		};
		561073611A8BF3C700DB8D6D /* Sources */ = {
			isa = PBXSourcesBuildPhase;
			buildActionMask = 2147483647;
			files = (
				5610736C1A8BF3C700DB8D6D /* Lab2_IpadTests.m in Sources */,
			);
			runOnlyForDeploymentPostprocessing = 0;
		};
/* End PBXSourcesBuildPhase section */

/* Begin PBXTargetDependency section */
		561073671A8BF3C700DB8D6D /* PBXTargetDependency */ = {
			isa = PBXTargetDependency;
			target = 5610734B1A8BF3C700DB8D6D /* Lab2_Ipad */;
			targetProxy = 561073661A8BF3C700DB8D6D /* PBXContainerItemProxy */;
		};
/* End PBXTargetDependency section */

/* Begin PBXVariantGroup section */
		561073591A8BF3C700DB8D6D /* Main.storyboard */ = {
			isa = PBXVariantGroup;
			children = (
				5610735A1A8BF3C700DB8D6D /* Base */,
			);
			name = Main.storyboard;
			sourceTree = "<group>";
		};
		5610735E1A8BF3C700DB8D6D /* LaunchScreen.xib */ = {
			isa = PBXVariantGroup;
			children = (
				5610735F1A8BF3C700DB8D6D /* Base */,
			);
			name = LaunchScreen.xib;
			sourceTree = "<group>";
		};
/* End PBXVariantGroup section */

/* Begin XCBuildConfiguration section */
		5610736D1A8BF3C700DB8D6D /* Debug */ = {
			isa = XCBuildConfiguration;
			buildSettings = {
				ALWAYS_SEARCH_USER_PATHS = NO;
				CLANG_CXX_LANGUAGE_STANDARD = "gnu++0x";
				CLANG_CXX_LIBRARY = "libc++";
				CLANG_ENABLE_MODULES = YES;
				CLANG_ENABLE_OBJC_ARC = YES;
				CLANG_WARN_BOOL_CONVERSION = YES;
				CLANG_WARN_CONSTANT_CONVERSION = YES;
				CLANG_WARN_DIRECT_OBJC_ISA_USAGE = YES_ERROR;
				CLANG_WARN_EMPTY_BODY = YES;
				CLANG_WARN_ENUM_CONVERSION = YES;
				CLANG_WARN_INT_CONVERSION = YES;
				CLANG_WARN_OBJC_ROOT_CLASS = YES_ERROR;
				CLANG_WARN_UNREACHABLE_CODE = YES;
				CLANG_WARN__DUPLICATE_METHOD_MATCH = YES;
				"CODE_SIGN_IDENTITY[sdk=iphoneos*]" = "iPhone Developer";
				COPY_PHASE_STRIP = NO;
				ENABLE_STRICT_OBJC_MSGSEND = YES;
				GCC_C_LANGUAGE_STANDARD = gnu99;
				GCC_DYNAMIC_NO_PIC = NO;
				GCC_OPTIMIZATION_LEVEL = 0;
				GCC_PREPROCESSOR_DEFINITIONS = (
					"DEBUG=1",
					"$(inherited)",
				);
				GCC_SYMBOLS_PRIVATE_EXTERN = NO;
				GCC_WARN_64_TO_32_BIT_CONVERSION = YES;
				GCC_WARN_ABOUT_RETURN_TYPE = YES_ERROR;
				GCC_WARN_UNDECLARED_SELECTOR = YES;
				GCC_WARN_UNINITIALIZED_AUTOS = YES_AGGRESSIVE;
				GCC_WARN_UNUSED_FUNCTION = YES;
				GCC_WARN_UNUSED_VARIABLE = YES;
				IPHONEOS_DEPLOYMENT_TARGET = 8.1;
				MTL_ENABLE_DEBUG_INFO = YES;
				ONLY_ACTIVE_ARCH = YES;
				SDKROOT = iphoneos;
				TARGETED_DEVICE_FAMILY = 2;
			};
			name = Debug;
		};
		5610736E1A8BF3C700DB8D6D /* Release */ = {
			isa = XCBuildConfiguration;
			buildSettings = {
				ALWAYS_SEARCH_USER_PATHS = NO;
				CLANG_CXX_LANGUAGE_STANDARD = "gnu++0x";
				CLANG_CXX_LIBRARY = "libc++";
				CLANG_ENABLE_MODULES = YES;
				CLANG_ENABLE_OBJC_ARC = YES;
				CLANG_WARN_BOOL_CONVERSION = YES;
				CLANG_WARN_CONSTANT_CONVERSION = YES;
				CLANG_WARN_DIRECT_OBJC_ISA_USAGE = YES_ERROR;
				CLANG_WARN_EMPTY_BODY = YES;
				CLANG_WARN_ENUM_CONVERSION = YES;
				CLANG_WARN_INT_CONVERSION = YES;
				CLANG_WARN_OBJC_ROOT_CLASS = YES_ERROR;
				CLANG_WARN_UNREACHABLE_CODE = YES;
				CLANG_WARN__DUPLICATE_METHOD_MATCH = YES;
				"CODE_SIGN_IDENTITY[sdk=iphoneos*]" = "iPhone Developer";
				COPY_PHASE_STRIP = YES;
				ENABLE_NS_ASSERTIONS = NO;
				ENABLE_STRICT_OBJC_MSGSEND = YES;
				GCC_C_LANGUAGE_STANDARD = gnu99;
				GCC_WARN_64_TO_32_BIT_CONVERSION = YES;
				GCC_WARN_ABOUT_RETURN_TYPE = YES_ERROR;
				GCC_WARN_UNDECLARED_SELECTOR = YES;
				GCC_WARN_UNINITIALIZED_AUTOS = YES_AGGRESSIVE;
				GCC_WARN_UNUSED_FUNCTION = YES;
				GCC_WARN_UNUSED_VARIABLE = YES;
				IPHONEOS_DEPLOYMENT_TARGET = 8.1;
				MTL_ENABLE_DEBUG_INFO = NO;
				SDKROOT = iphoneos;
				TARGETED_DEVICE_FAMILY = 2;
				VALIDATE_PRODUCT = YES;
			};
			name = Release;
		};
		561073701A8BF3C700DB8D6D /* Debug */ = {
			isa = XCBuildConfiguration;
			buildSettings = {
				ASSETCATALOG_COMPILER_APPICON_NAME = AppIcon;
				INFOPLIST_FILE = Lab2_Ipad/Info.plist;
				LD_RUNPATH_SEARCH_PATHS = "$(inherited) @executable_path/Frameworks";
				PRODUCT_NAME = "$(TARGET_NAME)";
			};
			name = Debug;
		};
		561073711A8BF3C700DB8D6D /* Release */ = {
			isa = XCBuildConfiguration;
			buildSettings = {
				ASSETCATALOG_COMPILER_APPICON_NAME = AppIcon;
				INFOPLIST_FILE = Lab2_Ipad/Info.plist;
				LD_RUNPATH_SEARCH_PATHS = "$(inherited) @executable_path/Frameworks";
				PRODUCT_NAME = "$(TARGET_NAME)";
			};
			name = Release;
		};
		561073731A8BF3C700DB8D6D /* Debug */ = {
			isa = XCBuildConfiguration;
			buildSettings = {
				BUNDLE_LOADER = "$(TEST_HOST)";
				FRAMEWORK_SEARCH_PATHS = (
					"$(SDKROOT)/Developer/Library/Frameworks",
					"$(inherited)",
				);
				GCC_PREPROCESSOR_DEFINITIONS = (
					"DEBUG=1",
					"$(inherited)",
				);
				INFOPLIST_FILE = Lab2_IpadTests/Info.plist;
				LD_RUNPATH_SEARCH_PATHS = "$(inherited) @executable_path/Frameworks @loader_path/Frameworks";
				PRODUCT_NAME = "$(TARGET_NAME)";
				TEST_HOST = "$(BUILT_PRODUCTS_DIR)/Lab2_Ipad.app/Lab2_Ipad";
			};
			name = Debug;
		};
		561073741A8BF3C700DB8D6D /* Release */ = {
			isa = XCBuildConfiguration;
			buildSettings = {
				BUNDLE_LOADER = "$(TEST_HOST)";
				FRAMEWORK_SEARCH_PATHS = (
					"$(SDKROOT)/Developer/Library/Frameworks",
					"$(inherited)",
				);
				INFOPLIST_FILE = Lab2_IpadTests/Info.plist;
				LD_RUNPATH_SEARCH_PATHS = "$(inherited) @executable_path/Frameworks @loader_path/Frameworks";
				PRODUCT_NAME = "$(TARGET_NAME)";
				TEST_HOST = "$(BUILT_PRODUCTS_DIR)/Lab2_Ipad.app/Lab2_Ipad";
			};
			name = Release;
		};
/* End XCBuildConfiguration section */

/* Begin XCConfigurationList section */
		561073471A8BF3C700DB8D6D /* Build configuration list for PBXProject "Lab2_Ipad" */ = {
			isa = XCConfigurationList;
			buildConfigurations = (
				5610736D1A8BF3C700DB8D6D /* Debug */,
				5610736E1A8BF3C700DB8D6D /* Release */,
			);
			defaultConfigurationIsVisible = 0;
			defaultConfigurationName = Release;
		};
		5610736F1A8BF3C700DB8D6D /* Build configuration list for PBXNativeTarget "Lab2_Ipad" */ = {
			isa = XCConfigurationList;
			buildConfigurations = (
				561073701A8BF3C700DB8D6D /* Debug */,
				561073711A8BF3C700DB8D6D /* Release */,
			);
			defaultConfigurationIsVisible = 0;
		};
		561073721A8BF3C700DB8D6D /* Build configuration list for PBXNativeTarget "Lab2_IpadTests" */ = {
			isa = XCConfigurationList;
			buildConfigurations = (
				561073731A8BF3C700DB8D6D /* Debug */,
				561073741A8BF3C700DB8D6D /* Release */,
			);
			defaultConfigurationIsVisible = 0;
		};
/* End XCConfigurationList section */
	};
	rootObject = 561073441A8BF3C700DB8D6D /* Project object */;
}
